
Microsoft Visual Studio Solution File, Format Version 12.00
# Visual Studio 14
VisualStudioVersion = 14.0.25420.1
MinimumVisualStudioVersion = 10.0.40219.1
Project("{FAE04EC0-301F-11D3-BF4B-00C04F79EFBC}") = "Structure", "Structure\Structure.csproj", "{F196ED86-C0A1-4241-B5C1-CDD3B2E2DF6E}"
EndProject
Project("{FAE04EC0-301F-11D3-BF4B-00C04F79EFBC}") = "GenericList", "GenericList\GenericList.csproj", "{94C7A4E7-10B0-4DEA-9D25-F93CACD69618}"
EndProject
Project("{FAE04EC0-301F-11D3-BF4B-00C04F79EFBC}") = "Matrix", "Matrix\Matrix.csproj", "{18E377DF-840E-4616-9E23-4919E5C3CE49}"
EndProject
Global
	GlobalSection(SolutionConfigurationPlatforms) = preSolution
		Debug|Any CPU = Debug|Any CPU
		Release|Any CPU = Release|Any CPU
	EndGlobalSection
	GlobalSection(ProjectConfigurationPlatforms) = postSolution
		{F196ED86-C0A1-4241-B5C1-CDD3B2E2DF6E}.Debug|Any CPU.ActiveCfg = Debug|Any CPU
		{F196ED86-C0A1-4241-B5C1-CDD3B2E2DF6E}.Debug|Any CPU.Build.0 = Debug|Any CPU
		{F196ED86-C0A1-4241-B5C1-CDD3B2E2DF6E}.Release|Any CPU.ActiveCfg = Release|Any CPU
		{F196ED86-C0A1-4241-B5C1-CDD3B2E2DF6E}.Release|Any CPU.Build.0 = Release|Any CPU
		{94C7A4E7-10B0-4DEA-9D25-F93CACD69618}.Debug|Any CPU.ActiveCfg = Debug|Any CPU
		{94C7A4E7-10B0-4DEA-9D25-F93CACD69618}.Debug|Any CPU.Build.0 = Debug|Any CPU
		{94C7A4E7-10B0-4DEA-9D25-F93CACD69618}.Release|Any CPU.ActiveCfg = Release|Any CPU
		{94C7A4E7-10B0-4DEA-9D25-F93CACD69618}.Release|Any CPU.Build.0 = Release|Any CPU
		{18E377DF-840E-4616-9E23-4919E5C3CE49}.Debug|Any CPU.ActiveCfg = Debug|Any CPU
		{18E377DF-840E-4616-9E23-4919E5C3CE49}.Debug|Any CPU.Build.0 = Debug|Any CPU
		{18E377DF-840E-4616-9E23-4919E5C3CE49}.Release|Any CPU.ActiveCfg = Release|Any CPU
		{18E377DF-840E-4616-9E23-4919E5C3CE49}.Release|Any CPU.Build.0 = Release|Any CPU
	EndGlobalSection
	GlobalSection(SolutionProperties) = preSolution
		HideSolutionNode = FALSE
	EndGlobalSection
EndGlobal
