
Microsoft Visual Studio Solution File, Format Version 12.00
# Visual Studio 14
VisualStudioVersion = 14.0.25420.1
MinimumVisualStudioVersion = 10.0.40219.1
Project("{FAE04EC0-301F-11D3-BF4B-00C04F79EFBC}") = "Shapes", "Shapes\Shapes.csproj", "{01068052-65C7-4E46-A2A8-7023EBB91078}"
EndProject
Project("{FAE04EC0-301F-11D3-BF4B-00C04F79EFBC}") = "Bank accounts", "Bank accounts\Bank accounts.csproj", "{CD8D7FD5-528B-47F6-956E-2920A45D55FB}"
EndProject
Project("{FAE04EC0-301F-11D3-BF4B-00C04F79EFBC}") = "Range Exceptions", "Range Exceptions\Range Exceptions.csproj", "{77F07AA1-33AA-466E-9FEE-3C9CF18E2F4D}"
EndProject
Global
	GlobalSection(SolutionConfigurationPlatforms) = preSolution
		Debug|Any CPU = Debug|Any CPU
		Release|Any CPU = Release|Any CPU
	EndGlobalSection
	GlobalSection(ProjectConfigurationPlatforms) = postSolution
		{01068052-65C7-4E46-A2A8-7023EBB91078}.Debug|Any CPU.ActiveCfg = Debug|Any CPU
		{01068052-65C7-4E46-A2A8-7023EBB91078}.Debug|Any CPU.Build.0 = Debug|Any CPU
		{01068052-65C7-4E46-A2A8-7023EBB91078}.Release|Any CPU.ActiveCfg = Release|Any CPU
		{01068052-65C7-4E46-A2A8-7023EBB91078}.Release|Any CPU.Build.0 = Release|Any CPU
		{CD8D7FD5-528B-47F6-956E-2920A45D55FB}.Debug|Any CPU.ActiveCfg = Debug|Any CPU
		{CD8D7FD5-528B-47F6-956E-2920A45D55FB}.Debug|Any CPU.Build.0 = Debug|Any CPU
		{CD8D7FD5-528B-47F6-956E-2920A45D55FB}.Release|Any CPU.ActiveCfg = Release|Any CPU
		{CD8D7FD5-528B-47F6-956E-2920A45D55FB}.Release|Any CPU.Build.0 = Release|Any CPU
		{77F07AA1-33AA-466E-9FEE-3C9CF18E2F4D}.Debug|Any CPU.ActiveCfg = Debug|Any CPU
		{77F07AA1-33AA-466E-9FEE-3C9CF18E2F4D}.Debug|Any CPU.Build.0 = Debug|Any CPU
		{77F07AA1-33AA-466E-9FEE-3C9CF18E2F4D}.Release|Any CPU.ActiveCfg = Release|Any CPU
		{77F07AA1-33AA-466E-9FEE-3C9CF18E2F4D}.Release|Any CPU.Build.0 = Release|Any CPU
	EndGlobalSection
	GlobalSection(SolutionProperties) = preSolution
		HideSolutionNode = FALSE
	EndGlobalSection
EndGlobal
